
Microsoft Visual Studio Solution File, Format Version 12.00
# Visual Studio 2012
Project("{FAE04EC0-301F-11D3-BF4B-00C04F79EFBC}") = "OpenProject", "OpenProject\OpenProject.csproj", "{650A89B2-654C-4E56-BD90-84957BE27B78}"
EndProject
Global
	GlobalSection(SolutionConfigurationPlatforms) = preSolution
		Debug|Any CPU = Debug|Any CPU
		Release|Any CPU = Release|Any CPU
	EndGlobalSection
	GlobalSection(ProjectConfigurationPlatforms) = postSolution
		{650A89B2-654C-4E56-BD90-84957BE27B78}.Debug|Any CPU.ActiveCfg = Debug|Any CPU
		{650A89B2-654C-4E56-BD90-84957BE27B78}.Debug|Any CPU.Build.0 = Debug|Any CPU
		{650A89B2-654C-4E56-BD90-84957BE27B78}.Release|Any CPU.ActiveCfg = Release|Any CPU
		{650A89B2-654C-4E56-BD90-84957BE27B78}.Release|Any CPU.Build.0 = Release|Any CPU
	EndGlobalSection
	GlobalSection(SolutionProperties) = preSolution
		HideSolutionNode = FALSE
	EndGlobalSection
EndGlobal
